
Microsoft Visual Studio Solution File, Format Version 12.00
# Visual Studio Version 16
VisualStudioVersion = 16.0.29001.49
MinimumVisualStudioVersion = 10.0.40219.1
Project("{FAE04EC0-301F-11D3-BF4B-00C04F79EFBC}") = "MatrixUWP", "MatrixUWP\MatrixUWP.csproj", "{F3677E0B-47E4-4EFD-A1A8-2003D70EE6CF}"
EndProject
Project("{FAE04EC0-301F-11D3-BF4B-00C04F79EFBC}") = "MatrixUWP.Test", "MatrixUWP.Test\MatrixUWP.Test.csproj", "{74460715-3A78-4EE8-9E83-446F130B6C1A}"
EndProject
Project("{2150E333-8FDC-42A3-9474-1A3956D46DE8}") = "Misc", "Misc", "{8DB1995C-D7FF-4279-82A4-FBA48CF6C927}"
	ProjectSection(SolutionItems) = preProject
		.gitlab-ci.yml = .gitlab-ci.yml
		README.md = README.md
	EndProjectSection
EndProject
Project("{FAE04EC0-301F-11D3-BF4B-00C04F79EFBC}") = "MatrixUWP.BackgroundService", "MatrixUWP.BackgroundService\MatrixUWP.BackgroundService.csproj", "{10123298-A4BF-4B75-8B05-E6E025C928E7}"
EndProject
Project("{FAE04EC0-301F-11D3-BF4B-00C04F79EFBC}") = "MatrixUWP.Shared", "MatrixUWP.Shared\MatrixUWP.Shared.csproj", "{4073B51B-717E-4380-972F-4709F95ED2C5}"
EndProject
Project("{2150E333-8FDC-42A3-9474-1A3956D46DE8}") = "Solution Items", "Solution Items", "{831C0760-9761-47CF-9ECC-E5EB259C235D}"
	ProjectSection(SolutionItems) = preProject
		.editorconfig = .editorconfig
	EndProjectSection
EndProject
Global
	GlobalSection(SolutionConfigurationPlatforms) = preSolution
		Debug|Any CPU = Debug|Any CPU
		Debug|ARM = Debug|ARM
		Debug|ARM64 = Debug|ARM64
		Debug|x64 = Debug|x64
		Debug|x86 = Debug|x86
		Release|Any CPU = Release|Any CPU
		Release|ARM = Release|ARM
		Release|ARM64 = Release|ARM64
		Release|x64 = Release|x64
		Release|x86 = Release|x86
	EndGlobalSection
	GlobalSection(ProjectConfigurationPlatforms) = postSolution
		{F3677E0B-47E4-4EFD-A1A8-2003D70EE6CF}.Debug|Any CPU.ActiveCfg = Debug|x86
		{F3677E0B-47E4-4EFD-A1A8-2003D70EE6CF}.Debug|ARM.ActiveCfg = Debug|ARM
		{F3677E0B-47E4-4EFD-A1A8-2003D70EE6CF}.Debug|ARM.Build.0 = Debug|ARM
		{F3677E0B-47E4-4EFD-A1A8-2003D70EE6CF}.Debug|ARM.Deploy.0 = Debug|ARM
		{F3677E0B-47E4-4EFD-A1A8-2003D70EE6CF}.Debug|ARM64.ActiveCfg = Debug|ARM64
		{F3677E0B-47E4-4EFD-A1A8-2003D70EE6CF}.Debug|ARM64.Build.0 = Debug|ARM64
		{F3677E0B-47E4-4EFD-A1A8-2003D70EE6CF}.Debug|ARM64.Deploy.0 = Debug|ARM64
		{F3677E0B-47E4-4EFD-A1A8-2003D70EE6CF}.Debug|x64.ActiveCfg = Debug|x64
		{F3677E0B-47E4-4EFD-A1A8-2003D70EE6CF}.Debug|x64.Build.0 = Debug|x64
		{F3677E0B-47E4-4EFD-A1A8-2003D70EE6CF}.Debug|x64.Deploy.0 = Debug|x64
		{F3677E0B-47E4-4EFD-A1A8-2003D70EE6CF}.Debug|x86.ActiveCfg = Debug|x86
		{F3677E0B-47E4-4EFD-A1A8-2003D70EE6CF}.Debug|x86.Build.0 = Debug|x86
		{F3677E0B-47E4-4EFD-A1A8-2003D70EE6CF}.Debug|x86.Deploy.0 = Debug|x86
		{F3677E0B-47E4-4EFD-A1A8-2003D70EE6CF}.Release|Any CPU.ActiveCfg = Release|x86
		{F3677E0B-47E4-4EFD-A1A8-2003D70EE6CF}.Release|ARM.ActiveCfg = Release|ARM
		{F3677E0B-47E4-4EFD-A1A8-2003D70EE6CF}.Release|ARM.Build.0 = Release|ARM
		{F3677E0B-47E4-4EFD-A1A8-2003D70EE6CF}.Release|ARM.Deploy.0 = Release|ARM
		{F3677E0B-47E4-4EFD-A1A8-2003D70EE6CF}.Release|ARM64.ActiveCfg = Release|ARM64
		{F3677E0B-47E4-4EFD-A1A8-2003D70EE6CF}.Release|ARM64.Build.0 = Release|ARM64
		{F3677E0B-47E4-4EFD-A1A8-2003D70EE6CF}.Release|ARM64.Deploy.0 = Release|ARM64
		{F3677E0B-47E4-4EFD-A1A8-2003D70EE6CF}.Release|x64.ActiveCfg = Release|x64
		{F3677E0B-47E4-4EFD-A1A8-2003D70EE6CF}.Release|x64.Build.0 = Release|x64
		{F3677E0B-47E4-4EFD-A1A8-2003D70EE6CF}.Release|x64.Deploy.0 = Release|x64
		{F3677E0B-47E4-4EFD-A1A8-2003D70EE6CF}.Release|x86.ActiveCfg = Release|x86
		{F3677E0B-47E4-4EFD-A1A8-2003D70EE6CF}.Release|x86.Build.0 = Release|x86
		{F3677E0B-47E4-4EFD-A1A8-2003D70EE6CF}.Release|x86.Deploy.0 = Release|x86
		{74460715-3A78-4EE8-9E83-446F130B6C1A}.Debug|Any CPU.ActiveCfg = Debug|x86
		{74460715-3A78-4EE8-9E83-446F130B6C1A}.Debug|ARM.ActiveCfg = Debug|ARM
		{74460715-3A78-4EE8-9E83-446F130B6C1A}.Debug|ARM.Build.0 = Debug|ARM
		{74460715-3A78-4EE8-9E83-446F130B6C1A}.Debug|ARM.Deploy.0 = Debug|ARM
		{74460715-3A78-4EE8-9E83-446F130B6C1A}.Debug|ARM64.ActiveCfg = Debug|ARM64
		{74460715-3A78-4EE8-9E83-446F130B6C1A}.Debug|ARM64.Build.0 = Debug|ARM64
		{74460715-3A78-4EE8-9E83-446F130B6C1A}.Debug|ARM64.Deploy.0 = Debug|ARM64
		{74460715-3A78-4EE8-9E83-446F130B6C1A}.Debug|x64.ActiveCfg = Debug|x64
		{74460715-3A78-4EE8-9E83-446F130B6C1A}.Debug|x64.Build.0 = Debug|x64
		{74460715-3A78-4EE8-9E83-446F130B6C1A}.Debug|x64.Deploy.0 = Debug|x64
		{74460715-3A78-4EE8-9E83-446F130B6C1A}.Debug|x86.ActiveCfg = Debug|x86
		{74460715-3A78-4EE8-9E83-446F130B6C1A}.Debug|x86.Build.0 = Debug|x86
		{74460715-3A78-4EE8-9E83-446F130B6C1A}.Debug|x86.Deploy.0 = Debug|x86
		{74460715-3A78-4EE8-9E83-446F130B6C1A}.Release|Any CPU.ActiveCfg = Release|x86
		{74460715-3A78-4EE8-9E83-446F130B6C1A}.Release|ARM.ActiveCfg = Release|ARM
		{74460715-3A78-4EE8-9E83-446F130B6C1A}.Release|ARM.Build.0 = Release|ARM
		{74460715-3A78-4EE8-9E83-446F130B6C1A}.Release|ARM.Deploy.0 = Release|ARM
		{74460715-3A78-4EE8-9E83-446F130B6C1A}.Release|ARM64.ActiveCfg = Release|ARM64
		{74460715-3A78-4EE8-9E83-446F130B6C1A}.Release|ARM64.Build.0 = Release|ARM64
		{74460715-3A78-4EE8-9E83-446F130B6C1A}.Release|ARM64.Deploy.0 = Release|ARM64
		{74460715-3A78-4EE8-9E83-446F130B6C1A}.Release|x64.ActiveCfg = Release|x64
		{74460715-3A78-4EE8-9E83-446F130B6C1A}.Release|x64.Build.0 = Release|x64
		{74460715-3A78-4EE8-9E83-446F130B6C1A}.Release|x64.Deploy.0 = Release|x64
		{74460715-3A78-4EE8-9E83-446F130B6C1A}.Release|x86.ActiveCfg = Release|x86
		{74460715-3A78-4EE8-9E83-446F130B6C1A}.Release|x86.Build.0 = Release|x86
		{74460715-3A78-4EE8-9E83-446F130B6C1A}.Release|x86.Deploy.0 = Release|x86
		{10123298-A4BF-4B75-8B05-E6E025C928E7}.Debug|Any CPU.ActiveCfg = Debug|Any CPU
		{10123298-A4BF-4B75-8B05-E6E025C928E7}.Debug|Any CPU.Build.0 = Debug|Any CPU
		{10123298-A4BF-4B75-8B05-E6E025C928E7}.Debug|ARM.ActiveCfg = Debug|ARM
		{10123298-A4BF-4B75-8B05-E6E025C928E7}.Debug|ARM.Build.0 = Debug|ARM
		{10123298-A4BF-4B75-8B05-E6E025C928E7}.Debug|ARM64.ActiveCfg = Debug|ARM64
		{10123298-A4BF-4B75-8B05-E6E025C928E7}.Debug|ARM64.Build.0 = Debug|ARM64
		{10123298-A4BF-4B75-8B05-E6E025C928E7}.Debug|x64.ActiveCfg = Debug|x64
		{10123298-A4BF-4B75-8B05-E6E025C928E7}.Debug|x64.Build.0 = Debug|x64
		{10123298-A4BF-4B75-8B05-E6E025C928E7}.Debug|x86.ActiveCfg = Debug|x86
		{10123298-A4BF-4B75-8B05-E6E025C928E7}.Debug|x86.Build.0 = Debug|x86
		{10123298-A4BF-4B75-8B05-E6E025C928E7}.Release|Any CPU.ActiveCfg = Release|Any CPU
		{10123298-A4BF-4B75-8B05-E6E025C928E7}.Release|Any CPU.Build.0 = Release|Any CPU
		{10123298-A4BF-4B75-8B05-E6E025C928E7}.Release|ARM.ActiveCfg = Release|ARM
		{10123298-A4BF-4B75-8B05-E6E025C928E7}.Release|ARM.Build.0 = Release|ARM
		{10123298-A4BF-4B75-8B05-E6E025C928E7}.Release|ARM64.ActiveCfg = Release|ARM64
		{10123298-A4BF-4B75-8B05-E6E025C928E7}.Release|ARM64.Build.0 = Release|ARM64
		{10123298-A4BF-4B75-8B05-E6E025C928E7}.Release|x64.ActiveCfg = Release|x64
		{10123298-A4BF-4B75-8B05-E6E025C928E7}.Release|x64.Build.0 = Release|x64
		{10123298-A4BF-4B75-8B05-E6E025C928E7}.Release|x86.ActiveCfg = Release|x86
		{10123298-A4BF-4B75-8B05-E6E025C928E7}.Release|x86.Build.0 = Release|x86
		{4073B51B-717E-4380-972F-4709F95ED2C5}.Debug|Any CPU.ActiveCfg = Debug|Any CPU
		{4073B51B-717E-4380-972F-4709F95ED2C5}.Debug|Any CPU.Build.0 = Debug|Any CPU
		{4073B51B-717E-4380-972F-4709F95ED2C5}.Debug|ARM.ActiveCfg = Debug|ARM
		{4073B51B-717E-4380-972F-4709F95ED2C5}.Debug|ARM.Build.0 = Debug|ARM
		{4073B51B-717E-4380-972F-4709F95ED2C5}.Debug|ARM64.ActiveCfg = Debug|ARM64
		{4073B51B-717E-4380-972F-4709F95ED2C5}.Debug|ARM64.Build.0 = Debug|ARM64
		{4073B51B-717E-4380-972F-4709F95ED2C5}.Debug|x64.ActiveCfg = Debug|x64
		{4073B51B-717E-4380-972F-4709F95ED2C5}.Debug|x64.Build.0 = Debug|x64
		{4073B51B-717E-4380-972F-4709F95ED2C5}.Debug|x86.ActiveCfg = Debug|x86
		{4073B51B-717E-4380-972F-4709F95ED2C5}.Debug|x86.Build.0 = Debug|x86
		{4073B51B-717E-4380-972F-4709F95ED2C5}.Release|Any CPU.ActiveCfg = Release|Any CPU
		{4073B51B-717E-4380-972F-4709F95ED2C5}.Release|Any CPU.Build.0 = Release|Any CPU
		{4073B51B-717E-4380-972F-4709F95ED2C5}.Release|ARM.ActiveCfg = Release|ARM
		{4073B51B-717E-4380-972F-4709F95ED2C5}.Release|ARM.Build.0 = Release|ARM
		{4073B51B-717E-4380-972F-4709F95ED2C5}.Release|ARM64.ActiveCfg = Release|ARM64
		{4073B51B-717E-4380-972F-4709F95ED2C5}.Release|ARM64.Build.0 = Release|ARM64
		{4073B51B-717E-4380-972F-4709F95ED2C5}.Release|x64.ActiveCfg = Release|x64
		{4073B51B-717E-4380-972F-4709F95ED2C5}.Release|x64.Build.0 = Release|x64
		{4073B51B-717E-4380-972F-4709F95ED2C5}.Release|x86.ActiveCfg = Release|x86
		{4073B51B-717E-4380-972F-4709F95ED2C5}.Release|x86.Build.0 = Release|x86
	EndGlobalSection
	GlobalSection(SolutionProperties) = preSolution
		HideSolutionNode = FALSE
	EndGlobalSection
	GlobalSection(ExtensibilityGlobals) = postSolution
		SolutionGuid = {01AFA7B8-AFAC-4664-BB0D-3895BF0D2960}
	EndGlobalSection
EndGlobal
